
Microsoft Visual Studio Solution File, Format Version 12.00
# Visual Studio 15
VisualStudioVersion = 15.0.28307.1231
MinimumVisualStudioVersion = 10.0.40219.1
Project("{8BC9CEB8-8B4A-11D0-8D11-00A0C91BC942}") = "ImgExpendandRust", "ImgExpendandRust\ImgExpendandRust.vcxproj", "{485C765F-28D1-46A6-A63F-52C446077BF1}"
EndProject
Global
	GlobalSection(SolutionConfigurationPlatforms) = preSolution
		Debug|x64 = Debug|x64
		Debug|x86 = Debug|x86
		Release|x64 = Release|x64
		Release|x86 = Release|x86
	EndGlobalSection
	GlobalSection(ProjectConfigurationPlatforms) = postSolution
		{485C765F-28D1-46A6-A63F-52C446077BF1}.Debug|x64.ActiveCfg = Debug|x64
		{485C765F-28D1-46A6-A63F-52C446077BF1}.Debug|x64.Build.0 = Debug|x64
		{485C765F-28D1-46A6-A63F-52C446077BF1}.Debug|x86.ActiveCfg = Debug|Win32
		{485C765F-28D1-46A6-A63F-52C446077BF1}.Debug|x86.Build.0 = Debug|Win32
		{485C765F-28D1-46A6-A63F-52C446077BF1}.Release|x64.ActiveCfg = Release|x64
		{485C765F-28D1-46A6-A63F-52C446077BF1}.Release|x64.Build.0 = Release|x64
		{485C765F-28D1-46A6-A63F-52C446077BF1}.Release|x86.ActiveCfg = Release|Win32
		{485C765F-28D1-46A6-A63F-52C446077BF1}.Release|x86.Build.0 = Release|Win32
	EndGlobalSection
	GlobalSection(SolutionProperties) = preSolution
		HideSolutionNode = FALSE
	EndGlobalSection
	GlobalSection(ExtensibilityGlobals) = postSolution
		SolutionGuid = {DE62802A-82CC-445B-8C3B-4CDF11255B61}
	EndGlobalSection
EndGlobal
